
Microsoft Visual Studio Solution File, Format Version 12.00
# Visual Studio Version 16
VisualStudioVersion = 16.0.810.10
MinimumVisualStudioVersion = 10.0.40219.1
Project("{FAE04EC0-301F-11D3-BF4B-00C04F79EFBC}") = "xtEntityFramework", "xtEntityFramework\xtEntityFramework.csproj", "{052308B9-81EC-4FB4-BEB5-D91FD56558B1}"
EndProject
Project("{FAE04EC0-301F-11D3-BF4B-00C04F79EFBC}") = "Example.Blazor.Server", "Example.Blazor\Server\Example.Blazor.Server.csproj", "{1F49C916-B74B-4EFD-8F1E-5394F5B946EA}"
EndProject
Project("{FAE04EC0-301F-11D3-BF4B-00C04F79EFBC}") = "Example.Blazor.Client", "Example.Blazor\Client\Example.Blazor.Client.csproj", "{9E50FF0D-86CC-4AEC-AE60-36A216A92FD7}"
EndProject
Project("{FAE04EC0-301F-11D3-BF4B-00C04F79EFBC}") = "Example.Blazor.Shared", "Example.Blazor\Shared\Example.Blazor.Shared.csproj", "{6EA19728-74A2-4A1F-B20B-7C68EC93B0E0}"
EndProject
Global
	GlobalSection(SolutionConfigurationPlatforms) = preSolution
		Debug|Any CPU = Debug|Any CPU
		Release|Any CPU = Release|Any CPU
	EndGlobalSection
	GlobalSection(ProjectConfigurationPlatforms) = postSolution
		{CD7F11E4-541C-47B0-B706-D24B6536FD89}.Debug|Any CPU.ActiveCfg = Debug|Any CPU
		{CD7F11E4-541C-47B0-B706-D24B6536FD89}.Debug|Any CPU.Build.0 = Debug|Any CPU
		{CD7F11E4-541C-47B0-B706-D24B6536FD89}.Release|Any CPU.ActiveCfg = Release|Any CPU
		{CD7F11E4-541C-47B0-B706-D24B6536FD89}.Release|Any CPU.Build.0 = Release|Any CPU
		{052308B9-81EC-4FB4-BEB5-D91FD56558B1}.Debug|Any CPU.ActiveCfg = Debug|Any CPU
		{052308B9-81EC-4FB4-BEB5-D91FD56558B1}.Debug|Any CPU.Build.0 = Debug|Any CPU
		{052308B9-81EC-4FB4-BEB5-D91FD56558B1}.Release|Any CPU.ActiveCfg = Release|Any CPU
		{052308B9-81EC-4FB4-BEB5-D91FD56558B1}.Release|Any CPU.Build.0 = Release|Any CPU
		{1F49C916-B74B-4EFD-8F1E-5394F5B946EA}.Debug|Any CPU.ActiveCfg = Debug|Any CPU
		{1F49C916-B74B-4EFD-8F1E-5394F5B946EA}.Debug|Any CPU.Build.0 = Debug|Any CPU
		{1F49C916-B74B-4EFD-8F1E-5394F5B946EA}.Release|Any CPU.ActiveCfg = Release|Any CPU
		{1F49C916-B74B-4EFD-8F1E-5394F5B946EA}.Release|Any CPU.Build.0 = Release|Any CPU
		{9E50FF0D-86CC-4AEC-AE60-36A216A92FD7}.Debug|Any CPU.ActiveCfg = Debug|Any CPU
		{9E50FF0D-86CC-4AEC-AE60-36A216A92FD7}.Debug|Any CPU.Build.0 = Debug|Any CPU
		{9E50FF0D-86CC-4AEC-AE60-36A216A92FD7}.Release|Any CPU.ActiveCfg = Release|Any CPU
		{9E50FF0D-86CC-4AEC-AE60-36A216A92FD7}.Release|Any CPU.Build.0 = Release|Any CPU
		{6EA19728-74A2-4A1F-B20B-7C68EC93B0E0}.Debug|Any CPU.ActiveCfg = Debug|Any CPU
		{6EA19728-74A2-4A1F-B20B-7C68EC93B0E0}.Debug|Any CPU.Build.0 = Debug|Any CPU
		{6EA19728-74A2-4A1F-B20B-7C68EC93B0E0}.Release|Any CPU.ActiveCfg = Release|Any CPU
		{6EA19728-74A2-4A1F-B20B-7C68EC93B0E0}.Release|Any CPU.Build.0 = Release|Any CPU
	EndGlobalSection
	GlobalSection(SolutionProperties) = preSolution
		HideSolutionNode = FALSE
	EndGlobalSection
	GlobalSection(ExtensibilityGlobals) = postSolution
		SolutionGuid = {72BAD65C-F76E-4F3A-A9B5-248A741CC967}
	EndGlobalSection
EndGlobal
